{
  "name": "DataTables",
  "version": "1.0.0",
  "lockfileVersion": 1,
  "requires": true,
  "dependencies": {
    "bootstrap": {
      "version": "4.3.1",
      "resolved": "https://registry.npmjs.org/bootstrap/-/bootstrap-4.3.1.tgz",
      "integrity": "sha512-rXqOmH1VilAt2DyPzluTi2blhk17bO7ef+zLLPlWvG494pDxcM234pJ8wTc/6R40UWizAIIMgxjvxZg5kmsbag=="
    },
    "jquery": {
      "version": "3.3.1",
      "resolved": "https://registry.npmjs.org/jquery/-/jquery-3.3.1.tgz",
      "integrity": "sha512-Ubldcmxp5np52/ENotGxlLe6aGMvmF4R8S6tZjsP6Knsaxd/xp3Zrh50cG93lR6nPXyUFwzN3ZSOQI0wRJNdGg=="
    },
    "jquery-sortable": {
      "version": "0.9.13",
      "resolved": "https://registry.npmjs.org/jquery-sortable/-/jquery-sortable-0.9.13.tgz",
      "integrity": "sha1-HL+2VQE6B0c3BXHwbiL1JKAP+6I=",
      "requires": {
        "jquery": "^2.1.2"
      },
      "dependencies": {
        "jquery": {
          "version": "2.2.4",
          "resolved": "https://registry.npmjs.org/jquery/-/jquery-2.2.4.tgz",
          "integrity": "sha1-LInWiJterFIqfuoywUUhVZxsvwI="
        }
      }
    },
    "materialize-css": {
      "version": "1.0.0",
      "resolved": "https://registry.npmjs.org/materialize-css/-/materialize-css-1.0.0.tgz",
      "integrity": "sha512-4/oecXl8y/1i8RDZvyvwAICyqwNoKU4or5uf8uoAd74k76KzZ0Llym4zhJ5lLNUskcqjO0AuMcvNyDkpz8Z6zw=="
    }
  }
}
